
Microsoft Visual Studio Solution File, Format Version 12.00
# Visual Studio Version 16
VisualStudioVersion = 16.0.30621.155
MinimumVisualStudioVersion = 10.0.40219.1
Project("{FAE04EC0-301F-11D3-BF4B-00C04F79EFBC}") = "WhatDay", "WhatDay\WhatDay.csproj", "{54EA1B9F-3ED5-40DB-8E3D-B13D5EEFC33C}"
EndProject
Global
	GlobalSection(SolutionConfigurationPlatforms) = preSolution
		Debug|Any CPU = Debug|Any CPU
		Release|Any CPU = Release|Any CPU
	EndGlobalSection
	GlobalSection(ProjectConfigurationPlatforms) = postSolution
		{54EA1B9F-3ED5-40DB-8E3D-B13D5EEFC33C}.Debug|Any CPU.ActiveCfg = Debug|Any CPU
		{54EA1B9F-3ED5-40DB-8E3D-B13D5EEFC33C}.Debug|Any CPU.Build.0 = Debug|Any CPU
		{54EA1B9F-3ED5-40DB-8E3D-B13D5EEFC33C}.Release|Any CPU.ActiveCfg = Release|Any CPU
		{54EA1B9F-3ED5-40DB-8E3D-B13D5EEFC33C}.Release|Any CPU.Build.0 = Release|Any CPU
	EndGlobalSection
	GlobalSection(SolutionProperties) = preSolution
		HideSolutionNode = FALSE
	EndGlobalSection
	GlobalSection(ExtensibilityGlobals) = postSolution
		SolutionGuid = {89D2F321-C424-482B-B033-F71F82E16FE8}
	EndGlobalSection
EndGlobal
